{
  "nodes": {
    "crane": {
      "inputs": {
        "flake-compat": "flake-compat",
        "flake-utils": "flake-utils",
        "nixpkgs": [
          "nixpkgs-unstable"
        ],
        "rust-overlay": "rust-overlay"
      },
      "locked": {
        "lastModified": 1676846788,
        "narHash": "sha256-XLsHLgXyMdliMeAXuzdGP+TXBaV44kG1RPTUHNOs6Jk=",
        "owner": "ipetkov",
        "repo": "crane",
        "rev": "953b70da2813fb882c39890f2514e7db76fc8843",
        "type": "github"
      },
      "original": {
        "owner": "ipetkov",
        "ref": "v0.11.3",
        "repo": "crane",
        "type": "github"
      }
    },
    "emacs-overlay": {
      "inputs": {
        "flake-utils": "flake-utils_2",
        "nixpkgs": [
          "nixpkgs"
        ]
      },
      "locked": {
        "lastModified": 1683571286,
        "narHash": "sha256-W9pObaS2aKdHKghnTniTAPoMam1bqL6LACaIbzpP22A=",
        "owner": "nix-community",
        "repo": "emacs-overlay",
        "rev": "5faeffd3d6d7f35348ef21f5245da783c7cd395f",
        "type": "github"
      },
      "original": {
        "owner": "nix-community",
        "repo": "emacs-overlay",
        "type": "github"
      }
    },
    "flake-compat": {
      "flake": false,
      "locked": {
        "lastModified": 1673956053,
        "narHash": "sha256-4gtG9iQuiKITOjNQQeQIpoIB6b16fm+504Ch3sNKLd8=",
        "owner": "edolstra",
        "repo": "flake-compat",
        "rev": "35bb57c0c8d8b62bbfd284272c928ceb64ddbde9",
        "type": "github"
      },
      "original": {
        "owner": "edolstra",
        "repo": "flake-compat",
        "type": "github"
      }
    },
    "flake-compat_2": {
      "flake": false,
      "locked": {
        "lastModified": 1673956053,
        "narHash": "sha256-4gtG9iQuiKITOjNQQeQIpoIB6b16fm+504Ch3sNKLd8=",
        "owner": "edolstra",
        "repo": "flake-compat",
        "rev": "35bb57c0c8d8b62bbfd284272c928ceb64ddbde9",
        "type": "github"
      },
      "original": {
        "owner": "edolstra",
        "repo": "flake-compat",
        "type": "github"
      }
    },
    "flake-utils": {
      "locked": {
        "lastModified": 1676283394,
        "narHash": "sha256-XX2f9c3iySLCw54rJ/CZs+ZK6IQy7GXNY4nSOyu2QG4=",
        "owner": "numtide",
        "repo": "flake-utils",
        "rev": "3db36a8b464d0c4532ba1c7dda728f4576d6d073",
        "type": "github"
      },
      "original": {
        "owner": "numtide",
        "repo": "flake-utils",
        "type": "github"
      }
    },
    "flake-utils_2": {
      "locked": {
        "lastModified": 1667395993,
        "narHash": "sha256-nuEHfE/LcWyuSWnS8t12N1wc105Qtau+/OdUAjtQ0rA=",
        "owner": "numtide",
        "repo": "flake-utils",
        "rev": "5aed5285a952e0b949eb3ba02c12fa4fcfef535f",
        "type": "github"
      },
      "original": {
        "owner": "numtide",
        "repo": "flake-utils",
        "type": "github"
      }
    },
    "flake-utils_3": {
      "inputs": {
        "systems": "systems"
      },
      "locked": {
        "lastModified": 1681202837,
        "narHash": "sha256-H+Rh19JDwRtpVPAWp64F+rlEtxUWBAQW28eAi3SRSzg=",
        "owner": "numtide",
        "repo": "flake-utils",
        "rev": "cfacdce06f30d2b68473a46042957675eebb3401",
        "type": "github"
      },
      "original": {
        "owner": "numtide",
        "repo": "flake-utils",
        "type": "github"
      }
    },
    "home-manager": {
      "inputs": {
        "nixpkgs": [
          "nixpkgs"
        ],
        "utils": "utils"
      },
      "locked": {
        "lastModified": 1681092193,
        "narHash": "sha256-JerCqqOqbT2tBnXQW4EqwFl0hHnuZp21rIQ6lu/N4rI=",
        "owner": "nix-community",
        "repo": "home-manager",
        "rev": "f9edbedaf015013eb35f8caacbe0c9666bbc16af",
        "type": "github"
      },
      "original": {
        "owner": "nix-community",
        "ref": "release-22.11",
        "repo": "home-manager",
        "type": "github"
      }
    },
    "nekowinston-nur": {
      "inputs": {
        "nixpkgs": [
          "nixpkgs-unstable"
        ]
      },
      "locked": {
        "lastModified": 1682804856,
        "narHash": "sha256-6wid+0ayFgmUUdEgKO7AmXEk6bUZNmq8bn4pFA0Kyhs=",
        "owner": "nekowinston",
        "repo": "nur",
        "rev": "a2df2ca00e11a1b5e3c5d5e10c200a32f5461834",
        "type": "github"
      },
      "original": {
        "owner": "nekowinston",
        "repo": "nur",
        "type": "github"
      }
    },
    "nixos-wsl": {
      "inputs": {
        "flake-compat": "flake-compat_2",
        "flake-utils": "flake-utils_3",
        "nixpkgs": [
          "nixpkgs"
        ]
      },
      "locked": {
        "lastModified": 1682982995,
        "narHash": "sha256-PK0pSY48JkcLDFphafjpLqeTDs0XUqGMHjsiNuEq5s0=",
        "owner": "nix-community",
        "repo": "nixos-wsl",
        "rev": "c5d7db84c422be515dac8fc26420900c349374e8",
        "type": "github"
      },
      "original": {
        "owner": "nix-community",
        "repo": "nixos-wsl",
        "type": "github"
      }
    },
    "nixpkgs": {
      "locked": {
        "lastModified": 1683478192,
        "narHash": "sha256-7f7RR71w0jRABDgBwjq3vE1yY3nrVJyXk8hDzu5kl1E=",
        "owner": "NixOS",
        "repo": "nixpkgs",
        "rev": "c568239bcc990050b7aedadb7387832440ad8fb1",
        "type": "github"
      },
      "original": {
        "id": "nixpkgs",
        "ref": "nixos-22.11",
        "type": "indirect"
      }
    },
    "nixpkgs-unstable": {
      "locked": {
        "lastModified": 1684481515,
        "narHash": "sha256-sDMEZ4HLP6sVNiBcgla3KWihdDjh67DP5ZWkGKWFgY0=",
        "owner": "nixos",
        "repo": "nixpkgs",
        "rev": "5b1bc788f578cd83d54b48bb057d6f6703ae7725",
        "type": "github"
      },
      "original": {
        "owner": "nixos",
        "ref": "nixos-unstable",
        "repo": "nixpkgs",
        "type": "github"
      }
    },
    "nur": {
      "locked": {
        "lastModified": 1683589805,
        "narHash": "sha256-RNgF8bPDZn8mGzjvLJ5MifGgcV4Ow+l53Sx6H1Y/xtE=",
        "owner": "nix-community",
        "repo": "nur",
        "rev": "c7a57ebbd3a6ec7d203070f54eaf8ea0bb455f42",
        "type": "github"
      },
      "original": {
        "owner": "nix-community",
        "repo": "nur",
        "type": "github"
      }
    },
    "root": {
      "inputs": {
        "crane": "crane",
        "emacs-overlay": "emacs-overlay",
        "home-manager": "home-manager",
        "nekowinston-nur": "nekowinston-nur",
        "nixos-wsl": "nixos-wsl",
        "nixpkgs": "nixpkgs",
        "nixpkgs-unstable": "nixpkgs-unstable",
        "nur": "nur",
        "sanctureplicum-nur": "sanctureplicum-nur",
        "sops-nix": "sops-nix"
      }
    },
    "rust-overlay": {
      "inputs": {
        "flake-utils": [
          "crane",
          "flake-utils"
        ],
        "nixpkgs": [
          "crane",
          "nixpkgs"
        ]
      },
      "locked": {
        "lastModified": 1676437770,
        "narHash": "sha256-mhJye91Bn0jJIE7NnEywGty/U5qdELfsT8S+FBjTdG4=",
        "owner": "oxalica",
        "repo": "rust-overlay",
        "rev": "a619538647bd03e3ee1d7b947f7c11ff289b376e",
        "type": "github"
      },
      "original": {
        "owner": "oxalica",
        "repo": "rust-overlay",
        "type": "github"
      }
    },
    "sanctureplicum-nur": {
      "inputs": {
        "nixpkgs": [
          "nixpkgs-unstable"
        ]
      },
      "locked": {
        "lastModified": 1684541278,
        "narHash": "sha256-Uj3zSVFV690qMTtXvTK98JaL+lliUrP5bZ++to2naE8=",
        "ref": "refs/heads/main",
        "rev": "df04918245d3a0e630374d9eca162b844c18da5d",
        "revCount": 23,
        "type": "git",
        "url": "https://gitea.pid1.sh/sanctureplicum/nur.git"
      },
      "original": {
        "type": "git",
        "url": "https://gitea.pid1.sh/sanctureplicum/nur.git"
      }
    },
    "sops-nix": {
      "inputs": {
        "nixpkgs": [
          "nixpkgs-unstable"
        ],
        "nixpkgs-stable": [
          "nixpkgs"
        ]
      },
      "locked": {
        "lastModified": 1683545104,
        "narHash": "sha256-48wC0zzHAej/wLFWIgV+uj63AvQ2UUk85g7wmXJzTqk=",
        "owner": "Mic92",
        "repo": "sops-nix",
        "rev": "36b062a2c85a0efb37de1300c79c54602a094fab",
        "type": "github"
      },
      "original": {
        "owner": "Mic92",
        "repo": "sops-nix",
        "type": "github"
      }
    },
    "systems": {
      "locked": {
        "lastModified": 1681028828,
        "narHash": "sha256-Vy1rq5AaRuLzOxct8nz4T6wlgyUR7zLU309k9mBC768=",
        "owner": "nix-systems",
        "repo": "default",
        "rev": "da67096a3b9bf56a91d16901293e51ba5b49a27e",
        "type": "github"
      },
      "original": {
        "owner": "nix-systems",
        "repo": "default",
        "type": "github"
      }
    },
    "utils": {
      "locked": {
        "lastModified": 1667395993,
        "narHash": "sha256-nuEHfE/LcWyuSWnS8t12N1wc105Qtau+/OdUAjtQ0rA=",
        "owner": "numtide",
        "repo": "flake-utils",
        "rev": "5aed5285a952e0b949eb3ba02c12fa4fcfef535f",
        "type": "github"
      },
      "original": {
        "owner": "numtide",
        "repo": "flake-utils",
        "type": "github"
      }
    }
  },
  "root": "root",
  "version": 7
}
